
Microsoft Visual Studio Solution File, Format Version 12.00
# Visual Studio Version 17
VisualStudioVersion = 17.4.32912.340
MinimumVisualStudioVersion = 10.0.40219.1
Project("{FAE04EC0-301F-11D3-BF4B-00C04F79EFBC}") = "OOSE.TDD.StringCalculator", "OOSE.TDD.StringCalculator\OOSE.TDD.StringCalculator.csproj", "{C70824D6-E499-4B36-B10C-ABD81D0FC61B}"
EndProject
Project("{FAE04EC0-301F-11D3-BF4B-00C04F79EFBC}") = "OOSE.TDD.StringCalculatorTests", "OOSE.TDD.StringCalculatorTests\OOSE.TDD.StringCalculatorTests.csproj", "{4A906387-1E36-4C88-B1B9-B6F5CD26826F}"
EndProject
Global
	GlobalSection(SolutionConfigurationPlatforms) = preSolution
		Debug|Any CPU = Debug|Any CPU
		Release|Any CPU = Release|Any CPU
	EndGlobalSection
	GlobalSection(ProjectConfigurationPlatforms) = postSolution
		{C70824D6-E499-4B36-B10C-ABD81D0FC61B}.Debug|Any CPU.ActiveCfg = Debug|Any CPU
		{C70824D6-E499-4B36-B10C-ABD81D0FC61B}.Debug|Any CPU.Build.0 = Debug|Any CPU
		{C70824D6-E499-4B36-B10C-ABD81D0FC61B}.Release|Any CPU.ActiveCfg = Release|Any CPU
		{C70824D6-E499-4B36-B10C-ABD81D0FC61B}.Release|Any CPU.Build.0 = Release|Any CPU
		{4A906387-1E36-4C88-B1B9-B6F5CD26826F}.Debug|Any CPU.ActiveCfg = Debug|Any CPU
		{4A906387-1E36-4C88-B1B9-B6F5CD26826F}.Debug|Any CPU.Build.0 = Debug|Any CPU
		{4A906387-1E36-4C88-B1B9-B6F5CD26826F}.Release|Any CPU.ActiveCfg = Release|Any CPU
		{4A906387-1E36-4C88-B1B9-B6F5CD26826F}.Release|Any CPU.Build.0 = Release|Any CPU
	EndGlobalSection
	GlobalSection(SolutionProperties) = preSolution
		HideSolutionNode = FALSE
	EndGlobalSection
	GlobalSection(ExtensibilityGlobals) = postSolution
		SolutionGuid = {70740B2D-FC5C-4E32-BB14-15D4AC7CEB01}
	EndGlobalSection
EndGlobal
